
Microsoft Visual Studio Solution File, Format Version 12.00
# Visual Studio Version 16
VisualStudioVersion = 25.0.1705.4
MinimumVisualStudioVersion = 10.0.40219.1
Project("{FAE04EC0-301F-11D3-BF4B-00C04F79EFBC}") = "StadiumApi", "StadiumApi\StadiumApi.csproj", "{09ED1B64-028E-4B4A-87C9-FBA447A0B826}"
EndProject
Project("{E53339B2-1760-4266-BCC7-CA923CBCF16C}") = "docker-compose", "docker-compose.dcproj", "{197C0D6A-6AF9-45EA-A548-D13AE9C07F8E}"
EndProject
Global
	GlobalSection(SolutionConfigurationPlatforms) = preSolution
		Debug|Any CPU = Debug|Any CPU
		Release|Any CPU = Release|Any CPU
	EndGlobalSection
	GlobalSection(ProjectConfigurationPlatforms) = postSolution
		{09ED1B64-028E-4B4A-87C9-FBA447A0B826}.Debug|Any CPU.ActiveCfg = Debug|Any CPU
		{09ED1B64-028E-4B4A-87C9-FBA447A0B826}.Debug|Any CPU.Build.0 = Debug|Any CPU
		{09ED1B64-028E-4B4A-87C9-FBA447A0B826}.Release|Any CPU.ActiveCfg = Release|Any CPU
		{09ED1B64-028E-4B4A-87C9-FBA447A0B826}.Release|Any CPU.Build.0 = Release|Any CPU
		{197C0D6A-6AF9-45EA-A548-D13AE9C07F8E}.Debug|Any CPU.ActiveCfg = Debug|Any CPU
		{197C0D6A-6AF9-45EA-A548-D13AE9C07F8E}.Debug|Any CPU.Build.0 = Debug|Any CPU
		{197C0D6A-6AF9-45EA-A548-D13AE9C07F8E}.Release|Any CPU.ActiveCfg = Release|Any CPU
		{197C0D6A-6AF9-45EA-A548-D13AE9C07F8E}.Release|Any CPU.Build.0 = Release|Any CPU
	EndGlobalSection
	GlobalSection(SolutionProperties) = preSolution
		HideSolutionNode = FALSE
	EndGlobalSection
	GlobalSection(ExtensibilityGlobals) = postSolution
		SolutionGuid = {F5D7A10C-8B58-42E6-AA86-92415E62EDEE}
	EndGlobalSection
EndGlobal
